// !$*UTF8*$!
{
	archiveVersion = 1;
	classes = {
	};
	objectVersion = 46;
	objects = {

/* Begin PBXBuildFile section */
		150EBC411DC67379009A70DA /* AppDelegate.swift in Sources */ = {isa = PBXBuildFile; fileRef = 150EBC401DC67379009A70DA /* AppDelegate.swift */; };
		150EBC431DC67379009A70DA /* ViewController.swift in Sources */ = {isa = PBXBuildFile; fileRef = 150EBC421DC67379009A70DA /* ViewController.swift */; };
		150EBC461DC67379009A70DA /* Main.storyboard in Resources */ = {isa = PBXBuildFile; fileRef = 150EBC441DC67379009A70DA /* Main.storyboard */; };
		150EBC491DC67379009A70DA /* OnTheMap.xcdatamodeld in Sources */ = {isa = PBXBuildFile; fileRef = 150EBC471DC67379009A70DA /* OnTheMap.xcdatamodeld */; };
		150EBC4B1DC67379009A70DA /* Assets.xcassets in Resources */ = {isa = PBXBuildFile; fileRef = 150EBC4A1DC67379009A70DA /* Assets.xcassets */; };
		150EBC4E1DC67379009A70DA /* LaunchScreen.storyboard in Resources */ = {isa = PBXBuildFile; fileRef = 150EBC4C1DC67379009A70DA /* LaunchScreen.storyboard */; };
/* End PBXBuildFile section */

/* Begin PBXFileReference section */
		150EBC3D1DC67379009A70DA /* OnTheMap.app */ = {isa = PBXFileReference; explicitFileType = wrapper.application; includeInIndex = 0; path = OnTheMap.app; sourceTree = BUILT_PRODUCTS_DIR; };
		150EBC401DC67379009A70DA /* AppDelegate.swift */ = {isa = PBXFileReference; lastKnownFileType = sourcecode.swift; path = AppDelegate.swift; sourceTree = "<group>"; };
		150EBC421DC67379009A70DA /* ViewController.swift */ = {isa = PBXFileReference; lastKnownFileType = sourcecode.swift; path = ViewController.swift; sourceTree = "<group>"; };
		150EBC451DC67379009A70DA /* Base */ = {isa = PBXFileReference; lastKnownFileType = file.storyboard; name = Base; path = Base.lproj/Main.storyboard; sourceTree = "<group>"; };
		150EBC481DC67379009A70DA /* OnTheMap.xcdatamodel */ = {isa = PBXFileReference; lastKnownFileType = wrapper.xcdatamodel; path = OnTheMap.xcdatamodel; sourceTree = "<group>"; };
		150EBC4A1DC67379009A70DA /* Assets.xcassets */ = {isa = PBXFileReference; lastKnownFileType = folder.assetcatalog; path = Assets.xcassets; sourceTree = "<group>"; };
		150EBC4D1DC67379009A70DA /* Base */ = {isa = PBXFileReference; lastKnownFileType = file.storyboard; name = Base; path = Base.lproj/LaunchScreen.storyboard; sourceTree = "<group>"; };
		150EBC4F1DC67379009A70DA /* Info.plist */ = {isa = PBXFileReference; lastKnownFileType = text.plist.xml; path = Info.plist; sourceTree = "<group>"; };
/* End PBXFileReference section */

/* Begin PBXFrameworksBuildPhase section */
		150EBC3A1DC67379009A70DA /* Frameworks */ = {
			isa = PBXFrameworksBuildPhase;
			buildActionMask = 2147483647;
			files = (
			);
			runOnlyForDeploymentPostprocessing = 0;
		};
/* End PBXFrameworksBuildPhase section */

/* Begin PBXGroup section */
		150EBC341DC67379009A70DA = {
			isa = PBXGroup;
			children = (
				150EBC3F1DC67379009A70DA /* OnTheMap */,
				150EBC3E1DC67379009A70DA /* Products */,
			);
			sourceTree = "<group>";
		};
		150EBC3E1DC67379009A70DA /* Products */ = {
			isa = PBXGroup;
			children = (
				150EBC3D1DC67379009A70DA /* OnTheMap.app */,
			);
			name = Products;
			sourceTree = "<group>";
		};
		150EBC3F1DC67379009A70DA /* OnTheMap */ = {
			isa = PBXGroup;
			children = (
				150EBC401DC67379009A70DA /* AppDelegate.swift */,
				150EBC421DC67379009A70DA /* ViewController.swift */,
				150EBC441DC67379009A70DA /* Main.storyboard */,
				150EBC4A1DC67379009A70DA /* Assets.xcassets */,
				150EBC4C1DC67379009A70DA /* LaunchScreen.storyboard */,
				150EBC4F1DC67379009A70DA /* Info.plist */,
				150EBC471DC67379009A70DA /* OnTheMap.xcdatamodeld */,
			);
			path = OnTheMap;
			sourceTree = "<group>";
		};
/* End PBXGroup section */

/* Begin PBXNativeTarget section */
		150EBC3C1DC67379009A70DA /* OnTheMap */ = {
			isa = PBXNativeTarget;
			buildConfigurationList = 150EBC521DC67379009A70DA /* Build configuration list for PBXNativeTarget "OnTheMap" */;
			buildPhases = (
				150EBC391DC67379009A70DA /* Sources */,
				150EBC3A1DC67379009A70DA /* Frameworks */,
				150EBC3B1DC67379009A70DA /* Resources */,
			);
			buildRules = (
			);
			dependencies = (
			);
			name = OnTheMap;
			productName = OnTheMap;
			productReference = 150EBC3D1DC67379009A70DA /* OnTheMap.app */;
			productType = "com.apple.product-type.application";
		};
/* End PBXNativeTarget section */

/* Begin PBXProject section */
		150EBC351DC67379009A70DA /* Project object */ = {
			isa = PBXProject;
			attributes = {
				LastSwiftUpdateCheck = 0800;
				LastUpgradeCheck = 0800;
				ORGANIZATIONNAME = dumpstertree;
				TargetAttributes = {
					150EBC3C1DC67379009A70DA = {
						CreatedOnToolsVersion = 8.0;
						DevelopmentTeam = 78C48PW3C4;
						ProvisioningStyle = Automatic;
					};
				};
			};
			buildConfigurationList = 150EBC381DC67379009A70DA /* Build configuration list for PBXProject "OnTheMap" */;
			compatibilityVersion = "Xcode 3.2";
			developmentRegion = English;
			hasScannedForEncodings = 0;
			knownRegions = (
				en,
				Base,
			);
			mainGroup = 150EBC341DC67379009A70DA;
			productRefGroup = 150EBC3E1DC67379009A70DA /* Products */;
			projectDirPath = "";
			projectRoot = "";
			targets = (
				150EBC3C1DC67379009A70DA /* OnTheMap */,
			);
		};
/* End PBXProject section */

/* Begin PBXResourcesBuildPhase section */
		150EBC3B1DC67379009A70DA /* Resources */ = {
			isa = PBXResourcesBuildPhase;
			buildActionMask = 2147483647;
			files = (
				150EBC4E1DC67379009A70DA /* LaunchScreen.storyboard in Resources */,
				150EBC4B1DC67379009A70DA /* Assets.xcassets in Resources */,
				150EBC461DC67379009A70DA /* Main.storyboard in Resources */,
			);
			runOnlyForDeploymentPostprocessing = 0;
		};
/* End PBXResourcesBuildPhase section */

/* Begin PBXSourcesBuildPhase section */
		150EBC391DC67379009A70DA /* Sources */ = {
			isa = PBXSourcesBuildPhase;
			buildActionMask = 2147483647;
			files = (
				150EBC491DC67379009A70DA /* OnTheMap.xcdatamodeld in Sources */,
				150EBC431DC67379009A70DA /* ViewController.swift in Sources */,
				150EBC411DC67379009A70DA /* AppDelegate.swift in Sources */,
			);
			runOnlyForDeploymentPostprocessing = 0;
		};
/* End PBXSourcesBuildPhase section */

/* Begin PBXVariantGroup section */
		150EBC441DC67379009A70DA /* Main.storyboard */ = {
			isa = PBXVariantGroup;
			children = (
				150EBC451DC67379009A70DA /* Base */,
			);
			name = Main.storyboard;
			sourceTree = "<group>";
		};
		150EBC4C1DC67379009A70DA /* LaunchScreen.storyboard */ = {
			isa = PBXVariantGroup;
			children = (
				150EBC4D1DC67379009A70DA /* Base */,
			);
			name = LaunchScreen.storyboard;
			sourceTree = "<group>";
		};
/* End PBXVariantGroup section */

/* Begin XCBuildConfiguration section */
		150EBC501DC67379009A70DA /* Debug */ = {
			isa = XCBuildConfiguration;
			buildSettings = {
				ALWAYS_SEARCH_USER_PATHS = NO;
				CLANG_ANALYZER_NONNULL = YES;
				CLANG_CXX_LANGUAGE_STANDARD = "gnu++0x";
				CLANG_CXX_LIBRARY = "libc++";
				CLANG_ENABLE_MODULES = YES;
				CLANG_ENABLE_OBJC_ARC = YES;
				CLANG_WARN_BOOL_CONVERSION = YES;
				CLANG_WARN_CONSTANT_CONVERSION = YES;
				CLANG_WARN_DIRECT_OBJC_ISA_USAGE = YES_ERROR;
				CLANG_WARN_DOCUMENTATION_COMMENTS = YES;
				CLANG_WARN_EMPTY_BODY = YES;
				CLANG_WARN_ENUM_CONVERSION = YES;
				CLANG_WARN_INFINITE_RECURSION = YES;
				CLANG_WARN_INT_CONVERSION = YES;
				CLANG_WARN_OBJC_ROOT_CLASS = YES_ERROR;
				CLANG_WARN_SUSPICIOUS_MOVES = YES;
				CLANG_WARN_UNREACHABLE_CODE = YES;
				CLANG_WARN__DUPLICATE_METHOD_MATCH = YES;
				"CODE_SIGN_IDENTITY[sdk=iphoneos*]" = "iPhone Developer";
				COPY_PHASE_STRIP = NO;
				DEBUG_INFORMATION_FORMAT = dwarf;
				ENABLE_STRICT_OBJC_MSGSEND = YES;
				ENABLE_TESTABILITY = YES;
				GCC_C_LANGUAGE_STANDARD = gnu99;
				GCC_DYNAMIC_NO_PIC = NO;
				GCC_NO_COMMON_BLOCKS = YES;
				GCC_OPTIMIZATION_LEVEL = 0;
				GCC_PREPROCESSOR_DEFINITIONS = (
					"DEBUG=1",
					"$(inherited)",
				);
				GCC_WARN_64_TO_32_BIT_CONVERSION = YES;
				GCC_WARN_ABOUT_RETURN_TYPE = YES_ERROR;
				GCC_WARN_UNDECLARED_SELECTOR = YES;
				GCC_WARN_UNINITIALIZED_AUTOS = YES_AGGRESSIVE;
				GCC_WARN_UNUSED_FUNCTION = YES;
				GCC_WARN_UNUSED_VARIABLE = YES;
				IPHONEOS_DEPLOYMENT_TARGET = 10.0;
				MTL_ENABLE_DEBUG_INFO = YES;
				ONLY_ACTIVE_ARCH = YES;
				SDKROOT = iphoneos;
				SWIFT_ACTIVE_COMPILATION_CONDITIONS = DEBUG;
				SWIFT_OPTIMIZATION_LEVEL = "-Onone";
				TARGETED_DEVICE_FAMILY = "1,2";
			};
			name = Debug;
		};
		150EBC511DC67379009A70DA /* Release */ = {
			isa = XCBuildConfiguration;
			buildSettings = {
				ALWAYS_SEARCH_USER_PATHS = NO;
				CLANG_ANALYZER_NONNULL = YES;
				CLANG_CXX_LANGUAGE_STANDARD = "gnu++0x";
				CLANG_CXX_LIBRARY = "libc++";
				CLANG_ENABLE_MODULES = YES;
				CLANG_ENABLE_OBJC_ARC = YES;
				CLANG_WARN_BOOL_CONVERSION = YES;
				CLANG_WARN_CONSTANT_CONVERSION = YES;
				CLANG_WARN_DIRECT_OBJC_ISA_USAGE = YES_ERROR;
				CLANG_WARN_DOCUMENTATION_COMMENTS = YES;
				CLANG_WARN_EMPTY_BODY = YES;
				CLANG_WARN_ENUM_CONVERSION = YES;
				CLANG_WARN_INFINITE_RECURSION = YES;
				CLANG_WARN_INT_CONVERSION = YES;
				CLANG_WARN_OBJC_ROOT_CLASS = YES_ERROR;
				CLANG_WARN_SUSPICIOUS_MOVES = YES;
				CLANG_WARN_UNREACHABLE_CODE = YES;
				CLANG_WARN__DUPLICATE_METHOD_MATCH = YES;
				"CODE_SIGN_IDENTITY[sdk=iphoneos*]" = "iPhone Developer";
				COPY_PHASE_STRIP = NO;
				DEBUG_INFORMATION_FORMAT = "dwarf-with-dsym";
				ENABLE_NS_ASSERTIONS = NO;
				ENABLE_STRICT_OBJC_MSGSEND = YES;
				GCC_C_LANGUAGE_STANDARD = gnu99;
				GCC_NO_COMMON_BLOCKS = YES;
				GCC_WARN_64_TO_32_BIT_CONVERSION = YES;
				GCC_WARN_ABOUT_RETURN_TYPE = YES_ERROR;
				GCC_WARN_UNDECLARED_SELECTOR = YES;
				GCC_WARN_UNINITIALIZED_AUTOS = YES_AGGRESSIVE;
				GCC_WARN_UNUSED_FUNCTION = YES;
				GCC_WARN_UNUSED_VARIABLE = YES;
				IPHONEOS_DEPLOYMENT_TARGET = 10.0;
				MTL_ENABLE_DEBUG_INFO = NO;
				SDKROOT = iphoneos;
				SWIFT_OPTIMIZATION_LEVEL = "-Owholemodule";
				TARGETED_DEVICE_FAMILY = "1,2";
				VALIDATE_PRODUCT = YES;
			};
			name = Release;
		};
		150EBC531DC67379009A70DA /* Debug */ = {
			isa = XCBuildConfiguration;
			buildSettings = {
				ASSETCATALOG_COMPILER_APPICON_NAME = AppIcon;
				DEVELOPMENT_TEAM = 78C48PW3C4;
				INFOPLIST_FILE = OnTheMap/Info.plist;
				LD_RUNPATH_SEARCH_PATHS = "$(inherited) @executable_path/Frameworks";
				PRODUCT_BUNDLE_IDENTIFIER = com.dumpstertree.OnTheMap;
				PRODUCT_NAME = "$(TARGET_NAME)";
				SWIFT_VERSION = 3.0;
			};
			name = Debug;
		};
		150EBC541DC67379009A70DA /* Release */ = {
			isa = XCBuildConfiguration;
			buildSettings = {
				ASSETCATALOG_COMPILER_APPICON_NAME = AppIcon;
				DEVELOPMENT_TEAM = 78C48PW3C4;
				INFOPLIST_FILE = OnTheMap/Info.plist;
				LD_RUNPATH_SEARCH_PATHS = "$(inherited) @executable_path/Frameworks";
				PRODUCT_BUNDLE_IDENTIFIER = com.dumpstertree.OnTheMap;
				PRODUCT_NAME = "$(TARGET_NAME)";
				SWIFT_VERSION = 3.0;
			};
			name = Release;
		};
/* End XCBuildConfiguration section */

/* Begin XCConfigurationList section */
		150EBC381DC67379009A70DA /* Build configuration list for PBXProject "OnTheMap" */ = {
			isa = XCConfigurationList;
			buildConfigurations = (
				150EBC501DC67379009A70DA /* Debug */,
				150EBC511DC67379009A70DA /* Release */,
			);
			defaultConfigurationIsVisible = 0;
			defaultConfigurationName = Release;
		};
		150EBC521DC67379009A70DA /* Build configuration list for PBXNativeTarget "OnTheMap" */ = {
			isa = XCConfigurationList;
			buildConfigurations = (
				150EBC531DC67379009A70DA /* Debug */,
				150EBC541DC67379009A70DA /* Release */,
			);
			defaultConfigurationIsVisible = 0;
		};
/* End XCConfigurationList section */

/* Begin XCVersionGroup section */
		150EBC471DC67379009A70DA /* OnTheMap.xcdatamodeld */ = {
			isa = XCVersionGroup;
			children = (
				150EBC481DC67379009A70DA /* OnTheMap.xcdatamodel */,
			);
			currentVersion = 150EBC481DC67379009A70DA /* OnTheMap.xcdatamodel */;
			path = OnTheMap.xcdatamodeld;
			sourceTree = "<group>";
			versionGroupType = wrapper.xcdatamodel;
		};
/* End XCVersionGroup section */
	};
	rootObject = 150EBC351DC67379009A70DA /* Project object */;
}
